
Microsoft Visual Studio Solution File, Format Version 12.00
# Visual Studio Version 17
VisualStudioVersion = 17.9.34518.117
MinimumVisualStudioVersion = 10.0.40219.1
Project("{9A19103F-16F7-4668-BE54-9A1E7A4F7556}") = "Transmitly.Microsoft.Aspnet.Mvc", "src\Transmitly.Microsoft.Aspnet.Mvc\Transmitly.Microsoft.Aspnet.Mvc.csproj", "{B4886D16-DBF9-4C60-80AB-110B6937EB64}"
EndProject
Global
	GlobalSection(SolutionConfigurationPlatforms) = preSolution
		Debug|Any CPU = Debug|Any CPU
		Release|Any CPU = Release|Any CPU
	EndGlobalSection
	GlobalSection(ProjectConfigurationPlatforms) = postSolution
		{B4886D16-DBF9-4C60-80AB-110B6937EB64}.Debug|Any CPU.ActiveCfg = Debug|Any CPU
		{B4886D16-DBF9-4C60-80AB-110B6937EB64}.Debug|Any CPU.Build.0 = Debug|Any CPU
		{B4886D16-DBF9-4C60-80AB-110B6937EB64}.Release|Any CPU.ActiveCfg = Release|Any CPU
		{B4886D16-DBF9-4C60-80AB-110B6937EB64}.Release|Any CPU.Build.0 = Release|Any CPU
	EndGlobalSection
	GlobalSection(SolutionProperties) = preSolution
		HideSolutionNode = FALSE
	EndGlobalSection
	GlobalSection(ExtensibilityGlobals) = postSolution
		SolutionGuid = {ABCFF7F7-DE96-4FD7-B96F-A0C587E75EE6}
	EndGlobalSection
EndGlobal
